// !$*UTF8*$!
{
	archiveVersion = 1;
	classes = {
	};
	objectVersion = 46;
	objects = {

/* Begin PBXBuildFile section */
		340230941A1BEF9C004EAC30 /* CategoriesCellView.m in Sources */ = {isa = PBXBuildFile; fileRef = 340230921A1BEF9C004EAC30 /* CategoriesCellView.m */; };
		340230951A1BEF9C004EAC30 /* CategoriesCellView.xib in Resources */ = {isa = PBXBuildFile; fileRef = 340230931A1BEF9C004EAC30 /* CategoriesCellView.xib */; };
		340230981A1BEFD2004EAC30 /* CategoriesCollectionViewController.m in Sources */ = {isa = PBXBuildFile; fileRef = 340230971A1BEFD2004EAC30 /* CategoriesCollectionViewController.m */; };
		34924E5A1A16799300ACA160 /* SubscriptionTableViewCell.m in Sources */ = {isa = PBXBuildFile; fileRef = 34924E581A16799300ACA160 /* SubscriptionTableViewCell.m */; };
		34924E5B1A16799300ACA160 /* SubscriptionTableViewCell.xib in Resources */ = {isa = PBXBuildFile; fileRef = 34924E591A16799300ACA160 /* SubscriptionTableViewCell.xib */; };
		34924E5E1A18E87600ACA160 /* HabitsCollectionViewController.m in Sources */ = {isa = PBXBuildFile; fileRef = 34924E5D1A18E87600ACA160 /* HabitsCollectionViewController.m */; };
		34924E621A18F22300ACA160 /* HabitSubCell.m in Sources */ = {isa = PBXBuildFile; fileRef = 34924E601A18F22300ACA160 /* HabitSubCell.m */; };
		34924E631A18F22300ACA160 /* HabitSubCell.xib in Resources */ = {isa = PBXBuildFile; fileRef = 34924E611A18F22300ACA160 /* HabitSubCell.xib */; };
		34CE2CE71A1E96DD00886435 /* HabitCategory.m in Sources */ = {isa = PBXBuildFile; fileRef = 34CE2CE61A1E96DD00886435 /* HabitCategory.m */; };
		34CE2CED1A1E9D5300886435 /* HabittAPI.m in Sources */ = {isa = PBXBuildFile; fileRef = 34CE2CEC1A1E9D5300886435 /* HabittAPI.m */; };
		34CE2CF01A1EA21F00886435 /* JSONparser.m in Sources */ = {isa = PBXBuildFile; fileRef = 34CE2CEF1A1EA21F00886435 /* JSONparser.m */; };
		34CE2CF31A1EA98400886435 /* DataProvider.m in Sources */ = {isa = PBXBuildFile; fileRef = 34CE2CF21A1EA98400886435 /* DataProvider.m */; };
		34F30E161A115EE100B65631 /* main.m in Sources */ = {isa = PBXBuildFile; fileRef = 34F30E151A115EE100B65631 /* main.m */; };
		34F30E191A115EE100B65631 /* AppDelegate.m in Sources */ = {isa = PBXBuildFile; fileRef = 34F30E181A115EE100B65631 /* AppDelegate.m */; };
		34F30E1C1A115EE100B65631 /* Duhigg.xcdatamodeld in Sources */ = {isa = PBXBuildFile; fileRef = 34F30E1A1A115EE100B65631 /* Duhigg.xcdatamodeld */; };
		34F30E1F1A115EE100B65631 /* ViewController.m in Sources */ = {isa = PBXBuildFile; fileRef = 34F30E1E1A115EE100B65631 /* ViewController.m */; };
		34F30E221A115EE100B65631 /* Main.storyboard in Resources */ = {isa = PBXBuildFile; fileRef = 34F30E201A115EE100B65631 /* Main.storyboard */; };
		34F30E241A115EE100B65631 /* Images.xcassets in Resources */ = {isa = PBXBuildFile; fileRef = 34F30E231A115EE100B65631 /* Images.xcassets */; };
		34F30E271A115EE100B65631 /* LaunchScreen.xib in Resources */ = {isa = PBXBuildFile; fileRef = 34F30E251A115EE100B65631 /* LaunchScreen.xib */; };
		34F30E331A115EE100B65631 /* DuhiggTests.m in Sources */ = {isa = PBXBuildFile; fileRef = 34F30E321A115EE100B65631 /* DuhiggTests.m */; };
		34F30E3F1A11688100B65631 /* BaseViewController.m in Sources */ = {isa = PBXBuildFile; fileRef = 34F30E3E1A11688100B65631 /* BaseViewController.m */; };
		34F30E431A1168B600B65631 /* SubscribedItemsViewController.m in Sources */ = {isa = PBXBuildFile; fileRef = 34F30E411A1168B600B65631 /* SubscribedItemsViewController.m */; };
/* End PBXBuildFile section */

/* Begin PBXContainerItemProxy section */
		34F30E2D1A115EE100B65631 /* PBXContainerItemProxy */ = {
			isa = PBXContainerItemProxy;
			containerPortal = 34F30E081A115EE100B65631 /* Project object */;
			proxyType = 1;
			remoteGlobalIDString = 34F30E0F1A115EE100B65631;
			remoteInfo = Duhigg;
		};
/* End PBXContainerItemProxy section */

/* Begin PBXFileReference section */
		340230911A1BEF9C004EAC30 /* CategoriesCellView.h */ = {isa = PBXFileReference; fileEncoding = 4; lastKnownFileType = sourcecode.c.h; name = CategoriesCellView.h; path = view/CategoriesCellView.h; sourceTree = "<group>"; };
		340230921A1BEF9C004EAC30 /* CategoriesCellView.m */ = {isa = PBXFileReference; fileEncoding = 4; lastKnownFileType = sourcecode.c.objc; name = CategoriesCellView.m; path = view/CategoriesCellView.m; sourceTree = "<group>"; };
		340230931A1BEF9C004EAC30 /* CategoriesCellView.xib */ = {isa = PBXFileReference; fileEncoding = 4; lastKnownFileType = file.xib; name = CategoriesCellView.xib; path = view/CategoriesCellView.xib; sourceTree = "<group>"; };
		340230961A1BEFD2004EAC30 /* CategoriesCollectionViewController.h */ = {isa = PBXFileReference; fileEncoding = 4; lastKnownFileType = sourcecode.c.h; name = CategoriesCollectionViewController.h; path = viewControllers/CategoriesCollectionViewController.h; sourceTree = "<group>"; };
		340230971A1BEFD2004EAC30 /* CategoriesCollectionViewController.m */ = {isa = PBXFileReference; fileEncoding = 4; lastKnownFileType = sourcecode.c.objc; name = CategoriesCollectionViewController.m; path = viewControllers/CategoriesCollectionViewController.m; sourceTree = "<group>"; };
		34924E571A16799300ACA160 /* SubscriptionTableViewCell.h */ = {isa = PBXFileReference; fileEncoding = 4; lastKnownFileType = sourcecode.c.h; name = SubscriptionTableViewCell.h; path = view/SubscriptionTableViewCell.h; sourceTree = "<group>"; };
		34924E581A16799300ACA160 /* SubscriptionTableViewCell.m */ = {isa = PBXFileReference; fileEncoding = 4; lastKnownFileType = sourcecode.c.objc; name = SubscriptionTableViewCell.m; path = view/SubscriptionTableViewCell.m; sourceTree = "<group>"; };
		34924E591A16799300ACA160 /* SubscriptionTableViewCell.xib */ = {isa = PBXFileReference; fileEncoding = 4; lastKnownFileType = file.xib; name = SubscriptionTableViewCell.xib; path = view/SubscriptionTableViewCell.xib; sourceTree = "<group>"; };
		34924E5C1A18E87600ACA160 /* HabitsCollectionViewController.h */ = {isa = PBXFileReference; fileEncoding = 4; lastKnownFileType = sourcecode.c.h; name = HabitsCollectionViewController.h; path = viewControllers/HabitsCollectionViewController.h; sourceTree = "<group>"; };
		34924E5D1A18E87600ACA160 /* HabitsCollectionViewController.m */ = {isa = PBXFileReference; fileEncoding = 4; lastKnownFileType = sourcecode.c.objc; name = HabitsCollectionViewController.m; path = viewControllers/HabitsCollectionViewController.m; sourceTree = "<group>"; };
		34924E5F1A18F22300ACA160 /* HabitSubCell.h */ = {isa = PBXFileReference; fileEncoding = 4; lastKnownFileType = sourcecode.c.h; name = HabitSubCell.h; path = view/HabitSubCell.h; sourceTree = "<group>"; };
		34924E601A18F22300ACA160 /* HabitSubCell.m */ = {isa = PBXFileReference; fileEncoding = 4; lastKnownFileType = sourcecode.c.objc; name = HabitSubCell.m; path = view/HabitSubCell.m; sourceTree = "<group>"; };
		34924E611A18F22300ACA160 /* HabitSubCell.xib */ = {isa = PBXFileReference; fileEncoding = 4; lastKnownFileType = file.xib; name = HabitSubCell.xib; path = view/HabitSubCell.xib; sourceTree = "<group>"; };
		34CE2CE51A1E96DD00886435 /* HabitCategory.h */ = {isa = PBXFileReference; fileEncoding = 4; lastKnownFileType = sourcecode.c.h; name = HabitCategory.h; path = model/HabitCategory.h; sourceTree = "<group>"; };
		34CE2CE61A1E96DD00886435 /* HabitCategory.m */ = {isa = PBXFileReference; fileEncoding = 4; lastKnownFileType = sourcecode.c.objc; name = HabitCategory.m; path = model/HabitCategory.m; sourceTree = "<group>"; };
		34CE2CEB1A1E9D5300886435 /* HabittAPI.h */ = {isa = PBXFileReference; fileEncoding = 4; lastKnownFileType = sourcecode.c.h; name = HabittAPI.h; path = dataAccess/HabittAPI.h; sourceTree = "<group>"; };
		34CE2CEC1A1E9D5300886435 /* HabittAPI.m */ = {isa = PBXFileReference; fileEncoding = 4; lastKnownFileType = sourcecode.c.objc; name = HabittAPI.m; path = dataAccess/HabittAPI.m; sourceTree = "<group>"; };
		34CE2CEE1A1EA21F00886435 /* JSONparser.h */ = {isa = PBXFileReference; fileEncoding = 4; lastKnownFileType = sourcecode.c.h; name = JSONparser.h; path = dataAccess/JSONparser.h; sourceTree = "<group>"; };
		34CE2CEF1A1EA21F00886435 /* JSONparser.m */ = {isa = PBXFileReference; fileEncoding = 4; lastKnownFileType = sourcecode.c.objc; name = JSONparser.m; path = dataAccess/JSONparser.m; sourceTree = "<group>"; };
		34CE2CF11A1EA98400886435 /* DataProvider.h */ = {isa = PBXFileReference; fileEncoding = 4; lastKnownFileType = sourcecode.c.h; name = DataProvider.h; path = dataAccess/DataProvider.h; sourceTree = "<group>"; };
		34CE2CF21A1EA98400886435 /* DataProvider.m */ = {isa = PBXFileReference; fileEncoding = 4; lastKnownFileType = sourcecode.c.objc; name = DataProvider.m; path = dataAccess/DataProvider.m; sourceTree = "<group>"; };
		34F30E101A115EE100B65631 /* Duhigg.app */ = {isa = PBXFileReference; explicitFileType = wrapper.application; includeInIndex = 0; path = Duhigg.app; sourceTree = BUILT_PRODUCTS_DIR; };
		34F30E141A115EE100B65631 /* Info.plist */ = {isa = PBXFileReference; lastKnownFileType = text.plist.xml; path = Info.plist; sourceTree = "<group>"; };
		34F30E151A115EE100B65631 /* main.m */ = {isa = PBXFileReference; lastKnownFileType = sourcecode.c.objc; path = main.m; sourceTree = "<group>"; };
		34F30E171A115EE100B65631 /* AppDelegate.h */ = {isa = PBXFileReference; lastKnownFileType = sourcecode.c.h; path = AppDelegate.h; sourceTree = "<group>"; };
		34F30E181A115EE100B65631 /* AppDelegate.m */ = {isa = PBXFileReference; lastKnownFileType = sourcecode.c.objc; path = AppDelegate.m; sourceTree = "<group>"; };
		34F30E1B1A115EE100B65631 /* Duhigg.xcdatamodel */ = {isa = PBXFileReference; lastKnownFileType = wrapper.xcdatamodel; path = Duhigg.xcdatamodel; sourceTree = "<group>"; };
		34F30E1D1A115EE100B65631 /* ViewController.h */ = {isa = PBXFileReference; lastKnownFileType = sourcecode.c.h; path = ViewController.h; sourceTree = "<group>"; };
		34F30E1E1A115EE100B65631 /* ViewController.m */ = {isa = PBXFileReference; lastKnownFileType = sourcecode.c.objc; path = ViewController.m; sourceTree = "<group>"; };
		34F30E211A115EE100B65631 /* Base */ = {isa = PBXFileReference; lastKnownFileType = file.storyboard; name = Base; path = Base.lproj/Main.storyboard; sourceTree = "<group>"; };
		34F30E231A115EE100B65631 /* Images.xcassets */ = {isa = PBXFileReference; lastKnownFileType = folder.assetcatalog; path = Images.xcassets; sourceTree = "<group>"; };
		34F30E261A115EE100B65631 /* Base */ = {isa = PBXFileReference; lastKnownFileType = file.xib; name = Base; path = Base.lproj/LaunchScreen.xib; sourceTree = "<group>"; };
		34F30E2C1A115EE100B65631 /* DuhiggTests.xctest */ = {isa = PBXFileReference; explicitFileType = wrapper.cfbundle; includeInIndex = 0; path = DuhiggTests.xctest; sourceTree = BUILT_PRODUCTS_DIR; };
		34F30E311A115EE100B65631 /* Info.plist */ = {isa = PBXFileReference; lastKnownFileType = text.plist.xml; path = Info.plist; sourceTree = "<group>"; };
		34F30E321A115EE100B65631 /* DuhiggTests.m */ = {isa = PBXFileReference; lastKnownFileType = sourcecode.c.objc; path = DuhiggTests.m; sourceTree = "<group>"; };
		34F30E3D1A11688100B65631 /* BaseViewController.h */ = {isa = PBXFileReference; fileEncoding = 4; lastKnownFileType = sourcecode.c.h; name = BaseViewController.h; path = viewControllers/BaseViewController.h; sourceTree = "<group>"; };
		34F30E3E1A11688100B65631 /* BaseViewController.m */ = {isa = PBXFileReference; fileEncoding = 4; lastKnownFileType = sourcecode.c.objc; name = BaseViewController.m; path = viewControllers/BaseViewController.m; sourceTree = "<group>"; };
		34F30E401A1168B600B65631 /* SubscribedItemsViewController.h */ = {isa = PBXFileReference; fileEncoding = 4; lastKnownFileType = sourcecode.c.h; name = SubscribedItemsViewController.h; path = viewControllers/SubscribedItemsViewController.h; sourceTree = "<group>"; };
		34F30E411A1168B600B65631 /* SubscribedItemsViewController.m */ = {isa = PBXFileReference; fileEncoding = 4; lastKnownFileType = sourcecode.c.objc; name = SubscribedItemsViewController.m; path = viewControllers/SubscribedItemsViewController.m; sourceTree = "<group>"; };
/* End PBXFileReference section */

/* Begin PBXFrameworksBuildPhase section */
		34F30E0D1A115EE100B65631 /* Frameworks */ = {
			isa = PBXFrameworksBuildPhase;
			buildActionMask = 2147483647;
			files = (
			);
			runOnlyForDeploymentPostprocessing = 0;
		};
		34F30E291A115EE100B65631 /* Frameworks */ = {
			isa = PBXFrameworksBuildPhase;
			buildActionMask = 2147483647;
			files = (
			);
			runOnlyForDeploymentPostprocessing = 0;
		};
/* End PBXFrameworksBuildPhase section */

/* Begin PBXGroup section */
		34924E511A1678DB00ACA160 /* view */ = {
			isa = PBXGroup;
			children = (
				34924E571A16799300ACA160 /* SubscriptionTableViewCell.h */,
				34924E581A16799300ACA160 /* SubscriptionTableViewCell.m */,
				34924E591A16799300ACA160 /* SubscriptionTableViewCell.xib */,
				34924E5F1A18F22300ACA160 /* HabitSubCell.h */,
				34924E601A18F22300ACA160 /* HabitSubCell.m */,
				34924E611A18F22300ACA160 /* HabitSubCell.xib */,
				340230911A1BEF9C004EAC30 /* CategoriesCellView.h */,
				340230921A1BEF9C004EAC30 /* CategoriesCellView.m */,
				340230931A1BEF9C004EAC30 /* CategoriesCellView.xib */,
			);
			name = view;
			sourceTree = "<group>";
		};
		34CE2CDD1A1E8F6B00886435 /* dataAccess */ = {
			isa = PBXGroup;
			children = (
				34CE2CEB1A1E9D5300886435 /* HabittAPI.h */,
				34CE2CEC1A1E9D5300886435 /* HabittAPI.m */,
				34CE2CEE1A1EA21F00886435 /* JSONparser.h */,
				34CE2CEF1A1EA21F00886435 /* JSONparser.m */,
				34CE2CF11A1EA98400886435 /* DataProvider.h */,
				34CE2CF21A1EA98400886435 /* DataProvider.m */,
			);
			name = dataAccess;
			sourceTree = "<group>";
		};
		34CE2CDE1A1E925B00886435 /* model */ = {
			isa = PBXGroup;
			children = (
				34CE2CE51A1E96DD00886435 /* HabitCategory.h */,
				34CE2CE61A1E96DD00886435 /* HabitCategory.m */,
			);
			name = model;
			sourceTree = "<group>";
		};
		34F30E071A115EE100B65631 = {
			isa = PBXGroup;
			children = (
				34F30E121A115EE100B65631 /* Duhigg */,
				34F30E2F1A115EE100B65631 /* DuhiggTests */,
				34F30E111A115EE100B65631 /* Products */,
			);
			sourceTree = "<group>";
		};
		34F30E111A115EE100B65631 /* Products */ = {
			isa = PBXGroup;
			children = (
				34F30E101A115EE100B65631 /* Duhigg.app */,
				34F30E2C1A115EE100B65631 /* DuhiggTests.xctest */,
			);
			name = Products;
			sourceTree = "<group>";
		};
		34F30E121A115EE100B65631 /* Duhigg */ = {
			isa = PBXGroup;
			children = (
				34CE2CDE1A1E925B00886435 /* model */,
				34CE2CDD1A1E8F6B00886435 /* dataAccess */,
				34F30E171A115EE100B65631 /* AppDelegate.h */,
				34F30E181A115EE100B65631 /* AppDelegate.m */,
				34F30E1D1A115EE100B65631 /* ViewController.h */,
				34F30E1E1A115EE100B65631 /* ViewController.m */,
				34F30E201A115EE100B65631 /* Main.storyboard */,
				34F30E231A115EE100B65631 /* Images.xcassets */,
				34F30E251A115EE100B65631 /* LaunchScreen.xib */,
				34924E511A1678DB00ACA160 /* view */,
				34F30E3C1A11683D00B65631 /* viewControllers */,
				34F30E1A1A115EE100B65631 /* Duhigg.xcdatamodeld */,
				34F30E131A115EE100B65631 /* Supporting Files */,
			);
			path = Duhigg;
			sourceTree = "<group>";
		};
		34F30E131A115EE100B65631 /* Supporting Files */ = {
			isa = PBXGroup;
			children = (
				34F30E141A115EE100B65631 /* Info.plist */,
				34F30E151A115EE100B65631 /* main.m */,
			);
			name = "Supporting Files";
			sourceTree = "<group>";
		};
		34F30E2F1A115EE100B65631 /* DuhiggTests */ = {
			isa = PBXGroup;
			children = (
				34F30E321A115EE100B65631 /* DuhiggTests.m */,
				34F30E301A115EE100B65631 /* Supporting Files */,
			);
			path = DuhiggTests;
			sourceTree = "<group>";
		};
		34F30E301A115EE100B65631 /* Supporting Files */ = {
			isa = PBXGroup;
			children = (
				34F30E311A115EE100B65631 /* Info.plist */,
			);
			name = "Supporting Files";
			sourceTree = "<group>";
		};
		34F30E3C1A11683D00B65631 /* viewControllers */ = {
			isa = PBXGroup;
			children = (
				34F30E3D1A11688100B65631 /* BaseViewController.h */,
				34F30E3E1A11688100B65631 /* BaseViewController.m */,
				34F30E401A1168B600B65631 /* SubscribedItemsViewController.h */,
				34F30E411A1168B600B65631 /* SubscribedItemsViewController.m */,
				34924E5C1A18E87600ACA160 /* HabitsCollectionViewController.h */,
				34924E5D1A18E87600ACA160 /* HabitsCollectionViewController.m */,
				340230961A1BEFD2004EAC30 /* CategoriesCollectionViewController.h */,
				340230971A1BEFD2004EAC30 /* CategoriesCollectionViewController.m */,
			);
			name = viewControllers;
			sourceTree = "<group>";
		};
/* End PBXGroup section */

/* Begin PBXNativeTarget section */
		34F30E0F1A115EE100B65631 /* Duhigg */ = {
			isa = PBXNativeTarget;
			buildConfigurationList = 34F30E361A115EE100B65631 /* Build configuration list for PBXNativeTarget "Duhigg" */;
			buildPhases = (
				34F30E0C1A115EE100B65631 /* Sources */,
				34F30E0D1A115EE100B65631 /* Frameworks */,
				34F30E0E1A115EE100B65631 /* Resources */,
			);
			buildRules = (
			);
			dependencies = (
			);
			name = Duhigg;
			productName = Duhigg;
			productReference = 34F30E101A115EE100B65631 /* Duhigg.app */;
			productType = "com.apple.product-type.application";
		};
		34F30E2B1A115EE100B65631 /* DuhiggTests */ = {
			isa = PBXNativeTarget;
			buildConfigurationList = 34F30E391A115EE100B65631 /* Build configuration list for PBXNativeTarget "DuhiggTests" */;
			buildPhases = (
				34F30E281A115EE100B65631 /* Sources */,
				34F30E291A115EE100B65631 /* Frameworks */,
				34F30E2A1A115EE100B65631 /* Resources */,
			);
			buildRules = (
			);
			dependencies = (
				34F30E2E1A115EE100B65631 /* PBXTargetDependency */,
			);
			name = DuhiggTests;
			productName = DuhiggTests;
			productReference = 34F30E2C1A115EE100B65631 /* DuhiggTests.xctest */;
			productType = "com.apple.product-type.bundle.unit-test";
		};
/* End PBXNativeTarget section */

/* Begin PBXProject section */
		34F30E081A115EE100B65631 /* Project object */ = {
			isa = PBXProject;
			attributes = {
				LastUpgradeCheck = 0610;
				ORGANIZATIONNAME = "Yigit Can Arin";
				TargetAttributes = {
					34F30E0F1A115EE100B65631 = {
						CreatedOnToolsVersion = 6.1;
					};
					34F30E2B1A115EE100B65631 = {
						CreatedOnToolsVersion = 6.1;
						TestTargetID = 34F30E0F1A115EE100B65631;
					};
				};
			};
			buildConfigurationList = 34F30E0B1A115EE100B65631 /* Build configuration list for PBXProject "Duhigg" */;
			compatibilityVersion = "Xcode 3.2";
			developmentRegion = English;
			hasScannedForEncodings = 0;
			knownRegions = (
				en,
				Base,
			);
			mainGroup = 34F30E071A115EE100B65631;
			productRefGroup = 34F30E111A115EE100B65631 /* Products */;
			projectDirPath = "";
			projectRoot = "";
			targets = (
				34F30E0F1A115EE100B65631 /* Duhigg */,
				34F30E2B1A115EE100B65631 /* DuhiggTests */,
			);
		};
/* End PBXProject section */

/* Begin PBXResourcesBuildPhase section */
		34F30E0E1A115EE100B65631 /* Resources */ = {
			isa = PBXResourcesBuildPhase;
			buildActionMask = 2147483647;
			files = (
				34F30E221A115EE100B65631 /* Main.storyboard in Resources */,
				34924E631A18F22300ACA160 /* HabitSubCell.xib in Resources */,
				340230951A1BEF9C004EAC30 /* CategoriesCellView.xib in Resources */,
				34F30E271A115EE100B65631 /* LaunchScreen.xib in Resources */,
				34924E5B1A16799300ACA160 /* SubscriptionTableViewCell.xib in Resources */,
				34F30E241A115EE100B65631 /* Images.xcassets in Resources */,
			);
			runOnlyForDeploymentPostprocessing = 0;
		};
		34F30E2A1A115EE100B65631 /* Resources */ = {
			isa = PBXResourcesBuildPhase;
			buildActionMask = 2147483647;
			files = (
			);
			runOnlyForDeploymentPostprocessing = 0;
		};
/* End PBXResourcesBuildPhase section */

/* Begin PBXSourcesBuildPhase section */
		34F30E0C1A115EE100B65631 /* Sources */ = {
			isa = PBXSourcesBuildPhase;
			buildActionMask = 2147483647;
			files = (
				34CE2CF01A1EA21F00886435 /* JSONparser.m in Sources */,
				34F30E191A115EE100B65631 /* AppDelegate.m in Sources */,
				34924E621A18F22300ACA160 /* HabitSubCell.m in Sources */,
				340230981A1BEFD2004EAC30 /* CategoriesCollectionViewController.m in Sources */,
				34F30E3F1A11688100B65631 /* BaseViewController.m in Sources */,
				34924E5E1A18E87600ACA160 /* HabitsCollectionViewController.m in Sources */,
				34F30E1C1A115EE100B65631 /* Duhigg.xcdatamodeld in Sources */,
				34F30E1F1A115EE100B65631 /* ViewController.m in Sources */,
				34CE2CED1A1E9D5300886435 /* HabittAPI.m in Sources */,
				340230941A1BEF9C004EAC30 /* CategoriesCellView.m in Sources */,
				34CE2CE71A1E96DD00886435 /* HabitCategory.m in Sources */,
				34F30E161A115EE100B65631 /* main.m in Sources */,
				34F30E431A1168B600B65631 /* SubscribedItemsViewController.m in Sources */,
				34924E5A1A16799300ACA160 /* SubscriptionTableViewCell.m in Sources */,
				34CE2CF31A1EA98400886435 /* DataProvider.m in Sources */,
			);
			runOnlyForDeploymentPostprocessing = 0;
		};
		34F30E281A115EE100B65631 /* Sources */ = {
			isa = PBXSourcesBuildPhase;
			buildActionMask = 2147483647;
			files = (
				34F30E331A115EE100B65631 /* DuhiggTests.m in Sources */,
			);
			runOnlyForDeploymentPostprocessing = 0;
		};
/* End PBXSourcesBuildPhase section */

/* Begin PBXTargetDependency section */
		34F30E2E1A115EE100B65631 /* PBXTargetDependency */ = {
			isa = PBXTargetDependency;
			target = 34F30E0F1A115EE100B65631 /* Duhigg */;
			targetProxy = 34F30E2D1A115EE100B65631 /* PBXContainerItemProxy */;
		};
/* End PBXTargetDependency section */

/* Begin PBXVariantGroup section */
		34F30E201A115EE100B65631 /* Main.storyboard */ = {
			isa = PBXVariantGroup;
			children = (
				34F30E211A115EE100B65631 /* Base */,
			);
			name = Main.storyboard;
			sourceTree = "<group>";
		};
		34F30E251A115EE100B65631 /* LaunchScreen.xib */ = {
			isa = PBXVariantGroup;
			children = (
				34F30E261A115EE100B65631 /* Base */,
			);
			name = LaunchScreen.xib;
			sourceTree = "<group>";
		};
/* End PBXVariantGroup section */

/* Begin XCBuildConfiguration section */
		34F30E341A115EE100B65631 /* Debug */ = {
			isa = XCBuildConfiguration;
			buildSettings = {
				ALWAYS_SEARCH_USER_PATHS = NO;
				CLANG_CXX_LANGUAGE_STANDARD = "gnu++0x";
				CLANG_CXX_LIBRARY = "libc++";
				CLANG_ENABLE_MODULES = YES;
				CLANG_ENABLE_OBJC_ARC = YES;
				CLANG_WARN_BOOL_CONVERSION = YES;
				CLANG_WARN_CONSTANT_CONVERSION = YES;
				CLANG_WARN_DIRECT_OBJC_ISA_USAGE = YES_ERROR;
				CLANG_WARN_EMPTY_BODY = YES;
				CLANG_WARN_ENUM_CONVERSION = YES;
				CLANG_WARN_INT_CONVERSION = YES;
				CLANG_WARN_OBJC_ROOT_CLASS = YES_ERROR;
				CLANG_WARN_UNREACHABLE_CODE = YES;
				CLANG_WARN__DUPLICATE_METHOD_MATCH = YES;
				"CODE_SIGN_IDENTITY[sdk=iphoneos*]" = "iPhone Developer";
				COPY_PHASE_STRIP = NO;
				ENABLE_STRICT_OBJC_MSGSEND = YES;
				GCC_C_LANGUAGE_STANDARD = gnu99;
				GCC_DYNAMIC_NO_PIC = NO;
				GCC_OPTIMIZATION_LEVEL = 0;
				GCC_PREPROCESSOR_DEFINITIONS = (
					"DEBUG=1",
					"$(inherited)",
				);
				GCC_SYMBOLS_PRIVATE_EXTERN = NO;
				GCC_WARN_64_TO_32_BIT_CONVERSION = YES;
				GCC_WARN_ABOUT_RETURN_TYPE = YES_ERROR;
				GCC_WARN_UNDECLARED_SELECTOR = YES;
				GCC_WARN_UNINITIALIZED_AUTOS = YES_AGGRESSIVE;
				GCC_WARN_UNUSED_FUNCTION = YES;
				GCC_WARN_UNUSED_VARIABLE = YES;
				IPHONEOS_DEPLOYMENT_TARGET = 8.1;
				MTL_ENABLE_DEBUG_INFO = YES;
				ONLY_ACTIVE_ARCH = YES;
				SDKROOT = iphoneos;
			};
			name = Debug;
		};
		34F30E351A115EE100B65631 /* Release */ = {
			isa = XCBuildConfiguration;
			buildSettings = {
				ALWAYS_SEARCH_USER_PATHS = NO;
				CLANG_CXX_LANGUAGE_STANDARD = "gnu++0x";
				CLANG_CXX_LIBRARY = "libc++";
				CLANG_ENABLE_MODULES = YES;
				CLANG_ENABLE_OBJC_ARC = YES;
				CLANG_WARN_BOOL_CONVERSION = YES;
				CLANG_WARN_CONSTANT_CONVERSION = YES;
				CLANG_WARN_DIRECT_OBJC_ISA_USAGE = YES_ERROR;
				CLANG_WARN_EMPTY_BODY = YES;
				CLANG_WARN_ENUM_CONVERSION = YES;
				CLANG_WARN_INT_CONVERSION = YES;
				CLANG_WARN_OBJC_ROOT_CLASS = YES_ERROR;
				CLANG_WARN_UNREACHABLE_CODE = YES;
				CLANG_WARN__DUPLICATE_METHOD_MATCH = YES;
				"CODE_SIGN_IDENTITY[sdk=iphoneos*]" = "iPhone Developer";
				COPY_PHASE_STRIP = YES;
				ENABLE_NS_ASSERTIONS = NO;
				ENABLE_STRICT_OBJC_MSGSEND = YES;
				GCC_C_LANGUAGE_STANDARD = gnu99;
				GCC_WARN_64_TO_32_BIT_CONVERSION = YES;
				GCC_WARN_ABOUT_RETURN_TYPE = YES_ERROR;
				GCC_WARN_UNDECLARED_SELECTOR = YES;
				GCC_WARN_UNINITIALIZED_AUTOS = YES_AGGRESSIVE;
				GCC_WARN_UNUSED_FUNCTION = YES;
				GCC_WARN_UNUSED_VARIABLE = YES;
				IPHONEOS_DEPLOYMENT_TARGET = 8.1;
				MTL_ENABLE_DEBUG_INFO = NO;
				SDKROOT = iphoneos;
				VALIDATE_PRODUCT = YES;
			};
			name = Release;
		};
		34F30E371A115EE100B65631 /* Debug */ = {
			isa = XCBuildConfiguration;
			buildSettings = {
				ASSETCATALOG_COMPILER_APPICON_NAME = AppIcon;
				INFOPLIST_FILE = Duhigg/Info.plist;
				LD_RUNPATH_SEARCH_PATHS = "$(inherited) @executable_path/Frameworks";
				PRODUCT_NAME = "$(TARGET_NAME)";
			};
			name = Debug;
		};
		34F30E381A115EE100B65631 /* Release */ = {
			isa = XCBuildConfiguration;
			buildSettings = {
				ASSETCATALOG_COMPILER_APPICON_NAME = AppIcon;
				INFOPLIST_FILE = Duhigg/Info.plist;
				LD_RUNPATH_SEARCH_PATHS = "$(inherited) @executable_path/Frameworks";
				PRODUCT_NAME = "$(TARGET_NAME)";
			};
			name = Release;
		};
		34F30E3A1A115EE100B65631 /* Debug */ = {
			isa = XCBuildConfiguration;
			buildSettings = {
				BUNDLE_LOADER = "$(TEST_HOST)";
				FRAMEWORK_SEARCH_PATHS = (
					"$(SDKROOT)/Developer/Library/Frameworks",
					"$(inherited)",
				);
				GCC_PREPROCESSOR_DEFINITIONS = (
					"DEBUG=1",
					"$(inherited)",
				);
				INFOPLIST_FILE = DuhiggTests/Info.plist;
				LD_RUNPATH_SEARCH_PATHS = "$(inherited) @executable_path/Frameworks @loader_path/Frameworks";
				PRODUCT_NAME = "$(TARGET_NAME)";
				TEST_HOST = "$(BUILT_PRODUCTS_DIR)/Duhigg.app/Duhigg";
			};
			name = Debug;
		};
		34F30E3B1A115EE100B65631 /* Release */ = {
			isa = XCBuildConfiguration;
			buildSettings = {
				BUNDLE_LOADER = "$(TEST_HOST)";
				FRAMEWORK_SEARCH_PATHS = (
					"$(SDKROOT)/Developer/Library/Frameworks",
					"$(inherited)",
				);
				INFOPLIST_FILE = DuhiggTests/Info.plist;
				LD_RUNPATH_SEARCH_PATHS = "$(inherited) @executable_path/Frameworks @loader_path/Frameworks";
				PRODUCT_NAME = "$(TARGET_NAME)";
				TEST_HOST = "$(BUILT_PRODUCTS_DIR)/Duhigg.app/Duhigg";
			};
			name = Release;
		};
/* End XCBuildConfiguration section */

/* Begin XCConfigurationList section */
		34F30E0B1A115EE100B65631 /* Build configuration list for PBXProject "Duhigg" */ = {
			isa = XCConfigurationList;
			buildConfigurations = (
				34F30E341A115EE100B65631 /* Debug */,
				34F30E351A115EE100B65631 /* Release */,
			);
			defaultConfigurationIsVisible = 0;
			defaultConfigurationName = Release;
		};
		34F30E361A115EE100B65631 /* Build configuration list for PBXNativeTarget "Duhigg" */ = {
			isa = XCConfigurationList;
			buildConfigurations = (
				34F30E371A115EE100B65631 /* Debug */,
				34F30E381A115EE100B65631 /* Release */,
			);
			defaultConfigurationIsVisible = 0;
			defaultConfigurationName = Release;
		};
		34F30E391A115EE100B65631 /* Build configuration list for PBXNativeTarget "DuhiggTests" */ = {
			isa = XCConfigurationList;
			buildConfigurations = (
				34F30E3A1A115EE100B65631 /* Debug */,
				34F30E3B1A115EE100B65631 /* Release */,
			);
			defaultConfigurationIsVisible = 0;
			defaultConfigurationName = Release;
		};
/* End XCConfigurationList section */

/* Begin XCVersionGroup section */
		34F30E1A1A115EE100B65631 /* Duhigg.xcdatamodeld */ = {
			isa = XCVersionGroup;
			children = (
				34F30E1B1A115EE100B65631 /* Duhigg.xcdatamodel */,
			);
			currentVersion = 34F30E1B1A115EE100B65631 /* Duhigg.xcdatamodel */;
			path = Duhigg.xcdatamodeld;
			sourceTree = "<group>";
			versionGroupType = wrapper.xcdatamodel;
		};
/* End XCVersionGroup section */
	};
	rootObject = 34F30E081A115EE100B65631 /* Project object */;
}
